# This file is automatically @generated by Cargo.
# It is not intended for manual editing.
version = 4

[[package]]
name = "legion-cluster"
version = "0.1.0"

[[package]]
name = "legion-core"
version = "0.1.0"

[[package]]
name = "legion-deploy"
version = "0.1.0"

[[package]]
name = "legion-loop"
version = "0.1.0"

[[package]]
name = "legion-namespace"
version = "0.1.0"

[[package]]
name = "legion-runtime"
version = "0.1.0"

[[package]]
name = "legion-server"
version = "0.1.0"

[[package]]
name = "legion-store"
version = "0.1.0"
